PODS:
  - FlickrKit (1.0.7)
  - SDWebImage (3.7.4):
    - SDWebImage/Core (= 3.7.4)
  - SDWebImage/Core (3.7.4)

DEPENDENCIES:
  - FlickrKit
  - SDWebImage (~> 3.7)

SPEC CHECKSUMS:
  FlickrKit: 907da468d679233a27d66dd88c6dcd024074b0f0
  SDWebImage: 247edd7dd80dd6124197b0d6a17846fe9d1df968

COCOAPODS: 0.39.0
