// !$*UTF8*$!
{
	archiveVersion = 1;
	classes = {
	};
	objectVersion = 46;
	objects = {

/* Begin PBXBuildFile section */
		2279474D1C3A9FE80006FDEE /* AppDelegate.swift in Sources */ = {isa = PBXBuildFile; fileRef = 227947451C3A9FE80006FDEE /* AppDelegate.swift */; };
		2279474E1C3A9FE80006FDEE /* NativeAlbumVC.swift in Sources */ = {isa = PBXBuildFile; fileRef = 227947461C3A9FE80006FDEE /* NativeAlbumVC.swift */; };
		2279474F1C3A9FE80006FDEE /* Assets.xcassets in Resources */ = {isa = PBXBuildFile; fileRef = 227947481C3A9FE80006FDEE /* Assets.xcassets */; };
		227947501C3A9FE80006FDEE /* Main.storyboard in Resources */ = {isa = PBXBuildFile; fileRef = 227947491C3A9FE80006FDEE /* Main.storyboard */; };
		227947551C3B6D180006FDEE /* Icon-1024.png in Resources */ = {isa = PBXBuildFile; fileRef = 227947541C3B6D180006FDEE /* Icon-1024.png */; };
		227947571C3B98C10006FDEE /* AppUtil.swift in Sources */ = {isa = PBXBuildFile; fileRef = 227947561C3B98C10006FDEE /* AppUtil.swift */; };
		227947601C3BFEC20006FDEE /* PhotoModel.swift in Sources */ = {isa = PBXBuildFile; fileRef = 2279475F1C3BFEC20006FDEE /* PhotoModel.swift */; };
		227947671C3D28400006FDEE /* PhotoDetailVC.swift in Sources */ = {isa = PBXBuildFile; fileRef = 227947661C3D28400006FDEE /* PhotoDetailVC.swift */; };
		604BE4AE1C4A64C100A8906A /* Launch Screen.storyboard in Resources */ = {isa = PBXBuildFile; fileRef = 604BE4AD1C4A64C100A8906A /* Launch Screen.storyboard */; };
		604BE4B01C4A6D1C00A8906A /* LaunchImage.jpg in Resources */ = {isa = PBXBuildFile; fileRef = 604BE4AF1C4A6D1C00A8906A /* LaunchImage.jpg */; };
		608931B51C4A3F6300703CC2 /* screenShot.jpeg in Resources */ = {isa = PBXBuildFile; fileRef = 608931B41C4A3F6300703CC2 /* screenShot.jpeg */; };
/* End PBXBuildFile section */

/* Begin PBXFileReference section */
		2279472F1C3A9DF70006FDEE /* ICFlickr.app */ = {isa = PBXFileReference; explicitFileType = wrapper.application; includeInIndex = 0; path = ICFlickr.app; sourceTree = BUILT_PRODUCTS_DIR; };
		227947451C3A9FE80006FDEE /* AppDelegate.swift */ = {isa = PBXFileReference; fileEncoding = 4; lastKnownFileType = sourcecode.swift; path = AppDelegate.swift; sourceTree = "<group>"; };
		227947461C3A9FE80006FDEE /* NativeAlbumVC.swift */ = {isa = PBXFileReference; fileEncoding = 4; lastKnownFileType = sourcecode.swift; path = NativeAlbumVC.swift; sourceTree = "<group>"; };
		227947481C3A9FE80006FDEE /* Assets.xcassets */ = {isa = PBXFileReference; lastKnownFileType = folder.assetcatalog; path = Assets.xcassets; sourceTree = "<group>"; };
		2279474A1C3A9FE80006FDEE /* Base */ = {isa = PBXFileReference; lastKnownFileType = file.storyboard; name = Base; path = Base.lproj/Main.storyboard; sourceTree = "<group>"; };
		2279474C1C3A9FE80006FDEE /* Info.plist */ = {isa = PBXFileReference; fileEncoding = 4; lastKnownFileType = text.plist.xml; path = Info.plist; sourceTree = "<group>"; };
		227947541C3B6D180006FDEE /* Icon-1024.png */ = {isa = PBXFileReference; lastKnownFileType = image.png; path = "Icon-1024.png"; sourceTree = "<group>"; };
		227947561C3B98C10006FDEE /* AppUtil.swift */ = {isa = PBXFileReference; fileEncoding = 4; lastKnownFileType = sourcecode.swift; path = AppUtil.swift; sourceTree = "<group>"; };
		2279475F1C3BFEC20006FDEE /* PhotoModel.swift */ = {isa = PBXFileReference; fileEncoding = 4; lastKnownFileType = sourcecode.swift; path = PhotoModel.swift; sourceTree = "<group>"; };
		227947661C3D28400006FDEE /* PhotoDetailVC.swift */ = {isa = PBXFileReference; fileEncoding = 4; lastKnownFileType = sourcecode.swift; path = PhotoDetailVC.swift; sourceTree = "<group>"; };
		604BE4AD1C4A64C100A8906A /* Launch Screen.storyboard */ = {isa = PBXFileReference; fileEncoding = 4; lastKnownFileType = file.storyboard; path = "Launch Screen.storyboard"; sourceTree = "<group>"; };
		604BE4AF1C4A6D1C00A8906A /* LaunchImage.jpg */ = {isa = PBXFileReference; lastKnownFileType = image.jpeg; path = LaunchImage.jpg; sourceTree = "<group>"; };
		608931B41C4A3F6300703CC2 /* screenShot.jpeg */ = {isa = PBXFileReference; lastKnownFileType = image.jpeg; path = screenShot.jpeg; sourceTree = "<group>"; };
/* End PBXFileReference section */

/* Begin PBXFrameworksBuildPhase section */
		2279472C1C3A9DF70006FDEE /* Frameworks */ = {
			isa = PBXFrameworksBuildPhase;
			buildActionMask = 2147483647;
			files = (
			);
			runOnlyForDeploymentPostprocessing = 0;
		};
/* End PBXFrameworksBuildPhase section */

/* Begin PBXGroup section */
		227947261C3A9DF70006FDEE = {
			isa = PBXGroup;
			children = (
				227947311C3A9DF70006FDEE /* ICFlickr */,
				227947301C3A9DF70006FDEE /* Products */,
			);
			sourceTree = "<group>";
		};
		227947301C3A9DF70006FDEE /* Products */ = {
			isa = PBXGroup;
			children = (
				2279472F1C3A9DF70006FDEE /* ICFlickr.app */,
			);
			name = Products;
			sourceTree = "<group>";
		};
		227947311C3A9DF70006FDEE /* ICFlickr */ = {
			isa = PBXGroup;
			children = (
				227947441C3A9FE80006FDEE /* Codes */,
				227947471C3A9FE80006FDEE /* Resources */,
				2279474B1C3A9FE80006FDEE /* SupportingFiles */,
			);
			path = ICFlickr;
			sourceTree = "<group>";
		};
		227947441C3A9FE80006FDEE /* Codes */ = {
			isa = PBXGroup;
			children = (
				227947451C3A9FE80006FDEE /* AppDelegate.swift */,
				227947461C3A9FE80006FDEE /* NativeAlbumVC.swift */,
				227947561C3B98C10006FDEE /* AppUtil.swift */,
				2279475F1C3BFEC20006FDEE /* PhotoModel.swift */,
				227947661C3D28400006FDEE /* PhotoDetailVC.swift */,
			);
			path = Codes;
			sourceTree = "<group>";
		};
		227947471C3A9FE80006FDEE /* Resources */ = {
			isa = PBXGroup;
			children = (
				604BE4AF1C4A6D1C00A8906A /* LaunchImage.jpg */,
				608931B41C4A3F6300703CC2 /* screenShot.jpeg */,
				227947541C3B6D180006FDEE /* Icon-1024.png */,
				227947481C3A9FE80006FDEE /* Assets.xcassets */,
				227947491C3A9FE80006FDEE /* Main.storyboard */,
				604BE4AD1C4A64C100A8906A /* Launch Screen.storyboard */,
			);
			path = Resources;
			sourceTree = "<group>";
		};
		2279474B1C3A9FE80006FDEE /* SupportingFiles */ = {
			isa = PBXGroup;
			children = (
				2279474C1C3A9FE80006FDEE /* Info.plist */,
			);
			path = SupportingFiles;
			sourceTree = "<group>";
		};
/* End PBXGroup section */

/* Begin PBXNativeTarget section */
		2279472E1C3A9DF70006FDEE /* ICFlickr */ = {
			isa = PBXNativeTarget;
			buildConfigurationList = 227947411C3A9DF70006FDEE /* Build configuration list for PBXNativeTarget "ICFlickr" */;
			buildPhases = (
				2279472B1C3A9DF70006FDEE /* Sources */,
				2279472C1C3A9DF70006FDEE /* Frameworks */,
				2279472D1C3A9DF70006FDEE /* Resources */,
			);
			buildRules = (
			);
			dependencies = (
			);
			name = ICFlickr;
			productName = ICFlickr;
			productReference = 2279472F1C3A9DF70006FDEE /* ICFlickr.app */;
			productType = "com.apple.product-type.application";
		};
/* End PBXNativeTarget section */

/* Begin PBXProject section */
		227947271C3A9DF70006FDEE /* Project object */ = {
			isa = PBXProject;
			attributes = {
				LastSwiftUpdateCheck = 0720;
				LastUpgradeCheck = 0720;
				ORGANIZATIONNAME = Issac;
				TargetAttributes = {
					2279472E1C3A9DF70006FDEE = {
						CreatedOnToolsVersion = 7.2;
					};
				};
			};
			buildConfigurationList = 2279472A1C3A9DF70006FDEE /* Build configuration list for PBXProject "ICFlickr" */;
			compatibilityVersion = "Xcode 3.2";
			developmentRegion = English;
			hasScannedForEncodings = 0;
			knownRegions = (
				en,
				Base,
			);
			mainGroup = 227947261C3A9DF70006FDEE;
			productRefGroup = 227947301C3A9DF70006FDEE /* Products */;
			projectDirPath = "";
			projectRoot = "";
			targets = (
				2279472E1C3A9DF70006FDEE /* ICFlickr */,
			);
		};
/* End PBXProject section */

/* Begin PBXResourcesBuildPhase section */
		2279472D1C3A9DF70006FDEE /* Resources */ = {
			isa = PBXResourcesBuildPhase;
			buildActionMask = 2147483647;
			files = (
				2279474F1C3A9FE80006FDEE /* Assets.xcassets in Resources */,
				604BE4B01C4A6D1C00A8906A /* LaunchImage.jpg in Resources */,
				608931B51C4A3F6300703CC2 /* screenShot.jpeg in Resources */,
				227947501C3A9FE80006FDEE /* Main.storyboard in Resources */,
				604BE4AE1C4A64C100A8906A /* Launch Screen.storyboard in Resources */,
				227947551C3B6D180006FDEE /* Icon-1024.png in Resources */,
			);
			runOnlyForDeploymentPostprocessing = 0;
		};
/* End PBXResourcesBuildPhase section */

/* Begin PBXSourcesBuildPhase section */
		2279472B1C3A9DF70006FDEE /* Sources */ = {
			isa = PBXSourcesBuildPhase;
			buildActionMask = 2147483647;
			files = (
				227947571C3B98C10006FDEE /* AppUtil.swift in Sources */,
				227947671C3D28400006FDEE /* PhotoDetailVC.swift in Sources */,
				2279474E1C3A9FE80006FDEE /* NativeAlbumVC.swift in Sources */,
				227947601C3BFEC20006FDEE /* PhotoModel.swift in Sources */,
				2279474D1C3A9FE80006FDEE /* AppDelegate.swift in Sources */,
			);
			runOnlyForDeploymentPostprocessing = 0;
		};
/* End PBXSourcesBuildPhase section */

/* Begin PBXVariantGroup section */
		227947491C3A9FE80006FDEE /* Main.storyboard */ = {
			isa = PBXVariantGroup;
			children = (
				2279474A1C3A9FE80006FDEE /* Base */,
			);
			name = Main.storyboard;
			sourceTree = "<group>";
		};
/* End PBXVariantGroup section */

/* Begin XCBuildConfiguration section */
		2279473F1C3A9DF70006FDEE /* Debug */ = {
			isa = XCBuildConfiguration;
			buildSettings = {
				ALWAYS_SEARCH_USER_PATHS = NO;
				CLANG_CXX_LANGUAGE_STANDARD = "gnu++0x";
				CLANG_CXX_LIBRARY = "libc++";
				CLANG_ENABLE_MODULES = YES;
				CLANG_ENABLE_OBJC_ARC = YES;
				CLANG_WARN_BOOL_CONVERSION = YES;
				CLANG_WARN_CONSTANT_CONVERSION = YES;
				CLANG_WARN_DIRECT_OBJC_ISA_USAGE = YES_ERROR;
				CLANG_WARN_EMPTY_BODY = YES;
				CLANG_WARN_ENUM_CONVERSION = YES;
				CLANG_WARN_INT_CONVERSION = YES;
				CLANG_WARN_OBJC_ROOT_CLASS = YES_ERROR;
				CLANG_WARN_UNREACHABLE_CODE = YES;
				CLANG_WARN__DUPLICATE_METHOD_MATCH = YES;
				"CODE_SIGN_IDENTITY[sdk=iphoneos*]" = "iPhone Developer";
				COPY_PHASE_STRIP = NO;
				DEBUG_INFORMATION_FORMAT = dwarf;
				ENABLE_STRICT_OBJC_MSGSEND = YES;
				ENABLE_TESTABILITY = YES;
				GCC_C_LANGUAGE_STANDARD = gnu99;
				GCC_DYNAMIC_NO_PIC = NO;
				GCC_NO_COMMON_BLOCKS = YES;
				GCC_OPTIMIZATION_LEVEL = 0;
				GCC_PREPROCESSOR_DEFINITIONS = (
					"DEBUG=1",
					"$(inherited)",
				);
				GCC_WARN_64_TO_32_BIT_CONVERSION = YES;
				GCC_WARN_ABOUT_RETURN_TYPE = YES_ERROR;
				GCC_WARN_UNDECLARED_SELECTOR = YES;
				GCC_WARN_UNINITIALIZED_AUTOS = YES_AGGRESSIVE;
				GCC_WARN_UNUSED_FUNCTION = YES;
				GCC_WARN_UNUSED_VARIABLE = YES;
				IPHONEOS_DEPLOYMENT_TARGET = 9.2;
				MTL_ENABLE_DEBUG_INFO = YES;
				ONLY_ACTIVE_ARCH = YES;
				SDKROOT = iphoneos;
				SWIFT_OPTIMIZATION_LEVEL = "-Onone";
			};
			name = Debug;
		};
		227947401C3A9DF70006FDEE /* Release */ = {
			isa = XCBuildConfiguration;
			buildSettings = {
				ALWAYS_SEARCH_USER_PATHS = NO;
				CLANG_CXX_LANGUAGE_STANDARD = "gnu++0x";
				CLANG_CXX_LIBRARY = "libc++";
				CLANG_ENABLE_MODULES = YES;
				CLANG_ENABLE_OBJC_ARC = YES;
				CLANG_WARN_BOOL_CONVERSION = YES;
				CLANG_WARN_CONSTANT_CONVERSION = YES;
				CLANG_WARN_DIRECT_OBJC_ISA_USAGE = YES_ERROR;
				CLANG_WARN_EMPTY_BODY = YES;
				CLANG_WARN_ENUM_CONVERSION = YES;
				CLANG_WARN_INT_CONVERSION = YES;
				CLANG_WARN_OBJC_ROOT_CLASS = YES_ERROR;
				CLANG_WARN_UNREACHABLE_CODE = YES;
				CLANG_WARN__DUPLICATE_METHOD_MATCH = YES;
				"CODE_SIGN_IDENTITY[sdk=iphoneos*]" = "iPhone Developer";
				COPY_PHASE_STRIP = NO;
				DEBUG_INFORMATION_FORMAT = "dwarf-with-dsym";
				ENABLE_NS_ASSERTIONS = NO;
				ENABLE_STRICT_OBJC_MSGSEND = YES;
				GCC_C_LANGUAGE_STANDARD = gnu99;
				GCC_NO_COMMON_BLOCKS = YES;
				GCC_WARN_64_TO_32_BIT_CONVERSION = YES;
				GCC_WARN_ABOUT_RETURN_TYPE = YES_ERROR;
				GCC_WARN_UNDECLARED_SELECTOR = YES;
				GCC_WARN_UNINITIALIZED_AUTOS = YES_AGGRESSIVE;
				GCC_WARN_UNUSED_FUNCTION = YES;
				GCC_WARN_UNUSED_VARIABLE = YES;
				IPHONEOS_DEPLOYMENT_TARGET = 9.2;
				MTL_ENABLE_DEBUG_INFO = NO;
				SDKROOT = iphoneos;
				VALIDATE_PRODUCT = YES;
			};
			name = Release;
		};
		227947421C3A9DF70006FDEE /* Debug */ = {
			isa = XCBuildConfiguration;
			buildSettings = {
				ASSETCATALOG_COMPILER_APPICON_NAME = AppIcon;
				INFOPLIST_FILE = ICFlickr/SupportingFiles/Info.plist;
				LD_RUNPATH_SEARCH_PATHS = "$(inherited) @executable_path/Frameworks";
				PRODUCT_BUNDLE_IDENTIFIER = com.icloud.Issac.ICFlickr;
				PRODUCT_NAME = "$(TARGET_NAME)";
			};
			name = Debug;
		};
		227947431C3A9DF70006FDEE /* Release */ = {
			isa = XCBuildConfiguration;
			buildSettings = {
				ASSETCATALOG_COMPILER_APPICON_NAME = AppIcon;
				INFOPLIST_FILE = ICFlickr/SupportingFiles/Info.plist;
				LD_RUNPATH_SEARCH_PATHS = "$(inherited) @executable_path/Frameworks";
				PRODUCT_BUNDLE_IDENTIFIER = com.icloud.Issac.ICFlickr;
				PRODUCT_NAME = "$(TARGET_NAME)";
			};
			name = Release;
		};
/* End XCBuildConfiguration section */

/* Begin XCConfigurationList section */
		2279472A1C3A9DF70006FDEE /* Build configuration list for PBXProject "ICFlickr" */ = {
			isa = XCConfigurationList;
			buildConfigurations = (
				2279473F1C3A9DF70006FDEE /* Debug */,
				227947401C3A9DF70006FDEE /* Release */,
			);
			defaultConfigurationIsVisible = 0;
			defaultConfigurationName = Release;
		};
		227947411C3A9DF70006FDEE /* Build configuration list for PBXNativeTarget "ICFlickr" */ = {
			isa = XCConfigurationList;
			buildConfigurations = (
				227947421C3A9DF70006FDEE /* Debug */,
				227947431C3A9DF70006FDEE /* Release */,
			);
			defaultConfigurationIsVisible = 0;
			defaultConfigurationName = Release;
		};
/* End XCConfigurationList section */
	};
	rootObject = 227947271C3A9DF70006FDEE /* Project object */;
}
